
Microsoft Visual Studio Solution File, Format Version 12.00
# Visual Studio Version 17
VisualStudioVersion = 17.0.31919.166
MinimumVisualStudioVersion = 10.0.40219.1
Project("{FAE04EC0-301F-11D3-BF4B-00C04F79EFBC}") = "SaveToWhere", "SaveToWhere\SaveToWhere.csproj", "{468D522C-6EA4-4CEC-940D-4065459DBC68}"
EndProject
Global
	GlobalSection(SolutionConfigurationPlatforms) = preSolution
		Debug|Any CPU = Debug|Any CPU
		Release|Any CPU = Release|Any CPU
	EndGlobalSection
	GlobalSection(ProjectConfigurationPlatforms) = postSolution
		{468D522C-6EA4-4CEC-940D-4065459DBC68}.Debug|Any CPU.ActiveCfg = Debug|Any CPU
		{468D522C-6EA4-4CEC-940D-4065459DBC68}.Debug|Any CPU.Build.0 = Debug|Any CPU
		{468D522C-6EA4-4CEC-940D-4065459DBC68}.Release|Any CPU.ActiveCfg = Release|Any CPU
		{468D522C-6EA4-4CEC-940D-4065459DBC68}.Release|Any CPU.Build.0 = Release|Any CPU
	EndGlobalSection
	GlobalSection(SolutionProperties) = preSolution
		HideSolutionNode = FALSE
	EndGlobalSection
	GlobalSection(ExtensibilityGlobals) = postSolution
		SolutionGuid = {F50334CC-7CFA-4AA7-BED4-677832448C98}
	EndGlobalSection
EndGlobal
